// !$*UTF8*$!
{
	archiveVersion = 1;
	classes = {
	};
	objectVersion = 46;
	objects = {

/* Begin PBXBuildFile section */
		8C091F391C71CDED0057F71C /* TouchIDViewController.m in Sources */ = {isa = PBXBuildFile; fileRef = 8C091F371C71CDED0057F71C /* TouchIDViewController.m */; };
		8C091F3A1C71CDED0057F71C /* TouchIDViewController.xib in Resources */ = {isa = PBXBuildFile; fileRef = 8C091F381C71CDED0057F71C /* TouchIDViewController.xib */; };
		8C091F3C1C71CE580057F71C /* LocalAuthentication.framework in Frameworks */ = {isa = PBXBuildFile; fileRef = 8C091F3B1C71CE580057F71C /* LocalAuthentication.framework */; };
		8C091F3F1C71CE800057F71C /* TouchIDTool.m in Sources */ = {isa = PBXBuildFile; fileRef = 8C091F3E1C71CE800057F71C /* TouchIDTool.m */; };
		8C4E4DF01C717BF300A68576 /* WandoujiaViewController.m in Sources */ = {isa = PBXBuildFile; fileRef = 8C4E4DEE1C717BF300A68576 /* WandoujiaViewController.m */; };
		8C4E4DF11C717BF300A68576 /* WandoujiaViewController.xib in Resources */ = {isa = PBXBuildFile; fileRef = 8C4E4DEF1C717BF300A68576 /* WandoujiaViewController.xib */; };
		8C4E4DF51C717C4D00A68576 /* SecondWDJViewController.m in Sources */ = {isa = PBXBuildFile; fileRef = 8C4E4DF31C717C4D00A68576 /* SecondWDJViewController.m */; };
		8C4E4DF61C717C4D00A68576 /* SecondWDJViewController.xib in Resources */ = {isa = PBXBuildFile; fileRef = 8C4E4DF41C717C4D00A68576 /* SecondWDJViewController.xib */; };
		8C51D41A1C5B5FC100B8F3C6 /* main.m in Sources */ = {isa = PBXBuildFile; fileRef = 8C51D4191C5B5FC100B8F3C6 /* main.m */; };
		8C51D41D1C5B5FC100B8F3C6 /* AppDelegate.m in Sources */ = {isa = PBXBuildFile; fileRef = 8C51D41C1C5B5FC100B8F3C6 /* AppDelegate.m */; };
		8C51D4231C5B5FC100B8F3C6 /* Main.storyboard in Resources */ = {isa = PBXBuildFile; fileRef = 8C51D4211C5B5FC100B8F3C6 /* Main.storyboard */; };
		8C51D4251C5B5FC100B8F3C6 /* Assets.xcassets in Resources */ = {isa = PBXBuildFile; fileRef = 8C51D4241C5B5FC100B8F3C6 /* Assets.xcassets */; };
		8C51D4281C5B5FC100B8F3C6 /* LaunchScreen.storyboard in Resources */ = {isa = PBXBuildFile; fileRef = 8C51D4261C5B5FC100B8F3C6 /* LaunchScreen.storyboard */; };
		8C51D4331C5B5FC100B8F3C6 /* RealankToolsTests.m in Sources */ = {isa = PBXBuildFile; fileRef = 8C51D4321C5B5FC100B8F3C6 /* RealankToolsTests.m */; };
		8C51D43E1C5B5FC100B8F3C6 /* RealankToolsUITests.m in Sources */ = {isa = PBXBuildFile; fileRef = 8C51D43D1C5B5FC100B8F3C6 /* RealankToolsUITests.m */; };
		8C51D44D1C5B607800B8F3C6 /* RootTableViewController.m in Sources */ = {isa = PBXBuildFile; fileRef = 8C51D44C1C5B607800B8F3C6 /* RootTableViewController.m */; };
		8C51D4521C5B630E00B8F3C6 /* Chinese2PinyinViewController.m in Sources */ = {isa = PBXBuildFile; fileRef = 8C51D4501C5B630E00B8F3C6 /* Chinese2PinyinViewController.m */; };
		8C51D4531C5B630E00B8F3C6 /* Chinese2PinyinViewController.xib in Resources */ = {isa = PBXBuildFile; fileRef = 8C51D4511C5B630E00B8F3C6 /* Chinese2PinyinViewController.xib */; };
		8C51D4591C5B665300B8F3C6 /* SysFontTableViewController.m in Sources */ = {isa = PBXBuildFile; fileRef = 8C51D4571C5B665300B8F3C6 /* SysFontTableViewController.m */; };
		8C51D45A1C5B665300B8F3C6 /* SysFontTableViewController.xib in Resources */ = {isa = PBXBuildFile; fileRef = 8C51D4581C5B665300B8F3C6 /* SysFontTableViewController.xib */; };
		8CADAD351C7305EC00337728 /* PolygonButtonViewController.m in Sources */ = {isa = PBXBuildFile; fileRef = 8CADAD331C7305EC00337728 /* PolygonButtonViewController.m */; };
		8CADAD361C7305EC00337728 /* PolygonButtonViewController.xib in Resources */ = {isa = PBXBuildFile; fileRef = 8CADAD341C7305EC00337728 /* PolygonButtonViewController.xib */; };
		8CADAD3C1C73061F00337728 /* RLCShapeButton.m in Sources */ = {isa = PBXBuildFile; fileRef = 8CADAD3B1C73061F00337728 /* RLCShapeButton.m */; };
		8CBC1FF21D769F5D00EB727C /* FileOperationViewController.m in Sources */ = {isa = PBXBuildFile; fileRef = 8CBC1FF01D769F5D00EB727C /* FileOperationViewController.m */; };
		8CBC1FF31D769F5D00EB727C /* FileOperationViewController.xib in Resources */ = {isa = PBXBuildFile; fileRef = 8CBC1FF11D769F5D00EB727C /* FileOperationViewController.xib */; };
		8CBC1FF51D76A00F00EB727C /* libsqlite3.tbd in Frameworks */ = {isa = PBXBuildFile; fileRef = 8CBC1FF41D76A00F00EB727C /* libsqlite3.tbd */; };
		8CBC20061D76A55100EB727C /* BTLEConnectUtil.m in Sources */ = {isa = PBXBuildFile; fileRef = 8CBC20011D76A55100EB727C /* BTLEConnectUtil.m */; };
		8CBC20071D76A55100EB727C /* DataProcessUtil.m in Sources */ = {isa = PBXBuildFile; fileRef = 8CBC20031D76A55100EB727C /* DataProcessUtil.m */; };
		8CBC20081D76A55100EB727C /* PendingReadCharacteristicModel.m in Sources */ = {isa = PBXBuildFile; fileRef = 8CBC20051D76A55100EB727C /* PendingReadCharacteristicModel.m */; };
		8CBC20121D76A58B00EB727C /* RACCodingDemo.m in Sources */ = {isa = PBXBuildFile; fileRef = 8CBC200B1D76A58B00EB727C /* RACCodingDemo.m */; };
		8CBC20131D76A58B00EB727C /* RACFileManager.m in Sources */ = {isa = PBXBuildFile; fileRef = 8CBC200D1D76A58B00EB727C /* RACFileManager.m */; };
		8CBC20141D76A58B00EB727C /* RACSQLiteDemo.m in Sources */ = {isa = PBXBuildFile; fileRef = 8CBC200F1D76A58B00EB727C /* RACSQLiteDemo.m */; };
		8CBC20151D76A58B00EB727C /* RLKUserDefault.m in Sources */ = {isa = PBXBuildFile; fileRef = 8CBC20111D76A58B00EB727C /* RLKUserDefault.m */; };
		8CBC201A1D76A61300EB727C /* BTConnectionViewController.m in Sources */ = {isa = PBXBuildFile; fileRef = 8CBC20181D76A61300EB727C /* BTConnectionViewController.m */; };
		8CBC201B1D76A61300EB727C /* BTConnectionViewController.xib in Resources */ = {isa = PBXBuildFile; fileRef = 8CBC20191D76A61300EB727C /* BTConnectionViewController.xib */; };
		8CD695331C8E7F9B009D016C /* UIImage+Realank.m in Sources */ = {isa = PBXBuildFile; fileRef = 8CD695321C8E7F9B009D016C /* UIImage+Realank.m */; };
		8CE976101C8E7E14000479DF /* NSString+Realank.m in Sources */ = {isa = PBXBuildFile; fileRef = 8CE9760B1C8E7E14000479DF /* NSString+Realank.m */; };
		8CE976111C8E7E14000479DF /* QBTimeTool.m in Sources */ = {isa = PBXBuildFile; fileRef = 8CE9760D1C8E7E14000479DF /* QBTimeTool.m */; };
		8CE976121C8E7E14000479DF /* UIView+Realank.m in Sources */ = {isa = PBXBuildFile; fileRef = 8CE9760F1C8E7E14000479DF /* UIView+Realank.m */; };
		8CE976151C8E7E9E000479DF /* NSDate+QB.m in Sources */ = {isa = PBXBuildFile; fileRef = 8CE976141C8E7E9E000479DF /* NSDate+QB.m */; };
/* End PBXBuildFile section */

/* Begin PBXContainerItemProxy section */
		8C51D42F1C5B5FC100B8F3C6 /* PBXContainerItemProxy */ = {
			isa = PBXContainerItemProxy;
			containerPortal = 8C51D40D1C5B5FC100B8F3C6 /* Project object */;
			proxyType = 1;
			remoteGlobalIDString = 8C51D4141C5B5FC100B8F3C6;
			remoteInfo = RealankTools;
		};
		8C51D43A1C5B5FC100B8F3C6 /* PBXContainerItemProxy */ = {
			isa = PBXContainerItemProxy;
			containerPortal = 8C51D40D1C5B5FC100B8F3C6 /* Project object */;
			proxyType = 1;
			remoteGlobalIDString = 8C51D4141C5B5FC100B8F3C6;
			remoteInfo = RealankTools;
		};
/* End PBXContainerItemProxy section */

/* Begin PBXFileReference section */
		8C091F361C71CDED0057F71C /* TouchIDViewController.h */ = {isa = PBXFileReference; fileEncoding = 4; lastKnownFileType = sourcecode.c.h; name = TouchIDViewController.h; path = SubViewControllers/TouchID/TouchIDViewController.h; sourceTree = "<group>"; };
		8C091F371C71CDED0057F71C /* TouchIDViewController.m */ = {isa = PBXFileReference; fileEncoding = 4; lastKnownFileType = sourcecode.c.objc; name = TouchIDViewController.m; path = SubViewControllers/TouchID/TouchIDViewController.m; sourceTree = "<group>"; };
		8C091F381C71CDED0057F71C /* TouchIDViewController.xib */ = {isa = PBXFileReference; fileEncoding = 4; lastKnownFileType = file.xib; name = TouchIDViewController.xib; path = SubViewControllers/TouchID/TouchIDViewController.xib; sourceTree = "<group>"; };
		8C091F3B1C71CE580057F71C /* LocalAuthentication.framework */ = {isa = PBXFileReference; lastKnownFileType = wrapper.framework; name = LocalAuthentication.framework; path = System/Library/Frameworks/LocalAuthentication.framework; sourceTree = SDKROOT; };
		8C091F3D1C71CE800057F71C /* TouchIDTool.h */ = {isa = PBXFileReference; fileEncoding = 4; lastKnownFileType = sourcecode.c.h; path = TouchIDTool.h; sourceTree = "<group>"; };
		8C091F3E1C71CE800057F71C /* TouchIDTool.m */ = {isa = PBXFileReference; fileEncoding = 4; lastKnownFileType = sourcecode.c.objc; path = TouchIDTool.m; sourceTree = "<group>"; };
		8C4E4DED1C717BF300A68576 /* WandoujiaViewController.h */ = {isa = PBXFileReference; fileEncoding = 4; lastKnownFileType = sourcecode.c.h; name = WandoujiaViewController.h; path = SubViewControllers/Wandoujia/WandoujiaViewController.h; sourceTree = "<group>"; };
		8C4E4DEE1C717BF300A68576 /* WandoujiaViewController.m */ = {isa = PBXFileReference; fileEncoding = 4; lastKnownFileType = sourcecode.c.objc; name = WandoujiaViewController.m; path = SubViewControllers/Wandoujia/WandoujiaViewController.m; sourceTree = "<group>"; };
		8C4E4DEF1C717BF300A68576 /* WandoujiaViewController.xib */ = {isa = PBXFileReference; fileEncoding = 4; lastKnownFileType = file.xib; name = WandoujiaViewController.xib; path = SubViewControllers/Wandoujia/WandoujiaViewController.xib; sourceTree = "<group>"; };
		8C4E4DF21C717C4D00A68576 /* SecondWDJViewController.h */ = {isa = PBXFileReference; fileEncoding = 4; lastKnownFileType = sourcecode.c.h; name = SecondWDJViewController.h; path = SubViewControllers/Wandoujia/SecondWDJViewController.h; sourceTree = "<group>"; };
		8C4E4DF31C717C4D00A68576 /* SecondWDJViewController.m */ = {isa = PBXFileReference; fileEncoding = 4; lastKnownFileType = sourcecode.c.objc; name = SecondWDJViewController.m; path = SubViewControllers/Wandoujia/SecondWDJViewController.m; sourceTree = "<group>"; };
		8C4E4DF41C717C4D00A68576 /* SecondWDJViewController.xib */ = {isa = PBXFileReference; fileEncoding = 4; lastKnownFileType = file.xib; name = SecondWDJViewController.xib; path = SubViewControllers/Wandoujia/SecondWDJViewController.xib; sourceTree = "<group>"; };
		8C51D4151C5B5FC100B8F3C6 /* RealankTools.app */ = {isa = PBXFileReference; explicitFileType = wrapper.application; includeInIndex = 0; path = RealankTools.app; sourceTree = BUILT_PRODUCTS_DIR; };
		8C51D4191C5B5FC100B8F3C6 /* main.m */ = {isa = PBXFileReference; lastKnownFileType = sourcecode.c.objc; path = main.m; sourceTree = "<group>"; };
		8C51D41B1C5B5FC100B8F3C6 /* AppDelegate.h */ = {isa = PBXFileReference; lastKnownFileType = sourcecode.c.h; path = AppDelegate.h; sourceTree = "<group>"; };
		8C51D41C1C5B5FC100B8F3C6 /* AppDelegate.m */ = {isa = PBXFileReference; lastKnownFileType = sourcecode.c.objc; path = AppDelegate.m; sourceTree = "<group>"; };
		8C51D4221C5B5FC100B8F3C6 /* Base */ = {isa = PBXFileReference; lastKnownFileType = file.storyboard; name = Base; path = Base.lproj/Main.storyboard; sourceTree = "<group>"; };
		8C51D4241C5B5FC100B8F3C6 /* Assets.xcassets */ = {isa = PBXFileReference; lastKnownFileType = folder.assetcatalog; path = Assets.xcassets; sourceTree = "<group>"; };
		8C51D4271C5B5FC100B8F3C6 /* Base */ = {isa = PBXFileReference; lastKnownFileType = file.storyboard; name = Base; path = Base.lproj/LaunchScreen.storyboard; sourceTree = "<group>"; };
		8C51D4291C5B5FC100B8F3C6 /* Info.plist */ = {isa = PBXFileReference; lastKnownFileType = text.plist.xml; path = Info.plist; sourceTree = "<group>"; };
		8C51D42E1C5B5FC100B8F3C6 /* RealankToolsTests.xctest */ = {isa = PBXFileReference; explicitFileType = wrapper.cfbundle; includeInIndex = 0; path = RealankToolsTests.xctest; sourceTree = BUILT_PRODUCTS_DIR; };
		8C51D4321C5B5FC100B8F3C6 /* RealankToolsTests.m */ = {isa = PBXFileReference; lastKnownFileType = sourcecode.c.objc; path = RealankToolsTests.m; sourceTree = "<group>"; };
		8C51D4341C5B5FC100B8F3C6 /* Info.plist */ = {isa = PBXFileReference; lastKnownFileType = text.plist.xml; path = Info.plist; sourceTree = "<group>"; };
		8C51D4391C5B5FC100B8F3C6 /* RealankToolsUITests.xctest */ = {isa = PBXFileReference; explicitFileType = wrapper.cfbundle; includeInIndex = 0; path = RealankToolsUITests.xctest; sourceTree = BUILT_PRODUCTS_DIR; };
		8C51D43D1C5B5FC100B8F3C6 /* RealankToolsUITests.m */ = {isa = PBXFileReference; lastKnownFileType = sourcecode.c.objc; path = RealankToolsUITests.m; sourceTree = "<group>"; };
		8C51D43F1C5B5FC100B8F3C6 /* Info.plist */ = {isa = PBXFileReference; lastKnownFileType = text.plist.xml; path = Info.plist; sourceTree = "<group>"; };
		8C51D44B1C5B607800B8F3C6 /* RootTableViewController.h */ = {isa = PBXFileReference; fileEncoding = 4; lastKnownFileType = sourcecode.c.h; path = RootTableViewController.h; sourceTree = "<group>"; };
		8C51D44C1C5B607800B8F3C6 /* RootTableViewController.m */ = {isa = PBXFileReference; fileEncoding = 4; lastKnownFileType = sourcecode.c.objc; path = RootTableViewController.m; sourceTree = "<group>"; };
		8C51D44F1C5B630E00B8F3C6 /* Chinese2PinyinViewController.h */ = {isa = PBXFileReference; fileEncoding = 4; lastKnownFileType = sourcecode.c.h; name = Chinese2PinyinViewController.h; path = SubViewControllers/Chinese2Pinyin/Chinese2PinyinViewController.h; sourceTree = "<group>"; };
		8C51D4501C5B630E00B8F3C6 /* Chinese2PinyinViewController.m */ = {isa = PBXFileReference; fileEncoding = 4; lastKnownFileType = sourcecode.c.objc; name = Chinese2PinyinViewController.m; path = SubViewControllers/Chinese2Pinyin/Chinese2PinyinViewController.m; sourceTree = "<group>"; };
		8C51D4511C5B630E00B8F3C6 /* Chinese2PinyinViewController.xib */ = {isa = PBXFileReference; fileEncoding = 4; lastKnownFileType = file.xib; name = Chinese2PinyinViewController.xib; path = SubViewControllers/Chinese2Pinyin/Chinese2PinyinViewController.xib; sourceTree = "<group>"; };
		8C51D4561C5B665300B8F3C6 /* SysFontTableViewController.h */ = {isa = PBXFileReference; fileEncoding = 4; lastKnownFileType = sourcecode.c.h; name = SysFontTableViewController.h; path = SubViewControllers/SysFont/SysFontTableViewController.h; sourceTree = "<group>"; };
		8C51D4571C5B665300B8F3C6 /* SysFontTableViewController.m */ = {isa = PBXFileReference; fileEncoding = 4; lastKnownFileType = sourcecode.c.objc; name = SysFontTableViewController.m; path = SubViewControllers/SysFont/SysFontTableViewController.m; sourceTree = "<group>"; };
		8C51D4581C5B665300B8F3C6 /* SysFontTableViewController.xib */ = {isa = PBXFileReference; fileEncoding = 4; lastKnownFileType = file.xib; name = SysFontTableViewController.xib; path = SubViewControllers/SysFont/SysFontTableViewController.xib; sourceTree = "<group>"; };
		8CADAD321C7305EC00337728 /* PolygonButtonViewController.h */ = {isa = PBXFileReference; fileEncoding = 4; lastKnownFileType = sourcecode.c.h; name = PolygonButtonViewController.h; path = SubViewControllers/PolygonButton/PolygonButtonViewController.h; sourceTree = "<group>"; };
		8CADAD331C7305EC00337728 /* PolygonButtonViewController.m */ = {isa = PBXFileReference; fileEncoding = 4; lastKnownFileType = sourcecode.c.objc; name = PolygonButtonViewController.m; path = SubViewControllers/PolygonButton/PolygonButtonViewController.m; sourceTree = "<group>"; };
		8CADAD341C7305EC00337728 /* PolygonButtonViewController.xib */ = {isa = PBXFileReference; fileEncoding = 4; lastKnownFileType = file.xib; name = PolygonButtonViewController.xib; path = SubViewControllers/PolygonButton/PolygonButtonViewController.xib; sourceTree = "<group>"; };
		8CADAD3A1C73061F00337728 /* RLCShapeButton.h */ = {isa = PBXFileReference; fileEncoding = 4; lastKnownFileType = sourcecode.c.h; name = RLCShapeButton.h; path = SubViewControllers/PolygonButton/RLCShapeButton.h; sourceTree = "<group>"; };
		8CADAD3B1C73061F00337728 /* RLCShapeButton.m */ = {isa = PBXFileReference; fileEncoding = 4; lastKnownFileType = sourcecode.c.objc; name = RLCShapeButton.m; path = SubViewControllers/PolygonButton/RLCShapeButton.m; sourceTree = "<group>"; };
		8CBC1FEF1D769F5D00EB727C /* FileOperationViewController.h */ = {isa = PBXFileReference; fileEncoding = 4; lastKnownFileType = sourcecode.c.h; name = FileOperationViewController.h; path = SubViewControllers/FileOperation/FileOperationViewController.h; sourceTree = "<group>"; };
		8CBC1FF01D769F5D00EB727C /* FileOperationViewController.m */ = {isa = PBXFileReference; fileEncoding = 4; lastKnownFileType = sourcecode.c.objc; name = FileOperationViewController.m; path = SubViewControllers/FileOperation/FileOperationViewController.m; sourceTree = "<group>"; };
		8CBC1FF11D769F5D00EB727C /* FileOperationViewController.xib */ = {isa = PBXFileReference; fileEncoding = 4; lastKnownFileType = file.xib; name = FileOperationViewController.xib; path = SubViewControllers/FileOperation/FileOperationViewController.xib; sourceTree = "<group>"; };
		8CBC1FF41D76A00F00EB727C /* libsqlite3.tbd */ = {isa = PBXFileReference; lastKnownFileType = "sourcecode.text-based-dylib-definition"; name = libsqlite3.tbd; path = usr/lib/libsqlite3.tbd; sourceTree = SDKROOT; };
		8CBC20001D76A55100EB727C /* BTLEConnectUtil.h */ = {isa = PBXFileReference; fileEncoding = 4; lastKnownFileType = sourcecode.c.h; path = BTLEConnectUtil.h; sourceTree = "<group>"; };
		8CBC20011D76A55100EB727C /* BTLEConnectUtil.m */ = {isa = PBXFileReference; fileEncoding = 4; lastKnownFileType = sourcecode.c.objc; path = BTLEConnectUtil.m; sourceTree = "<group>"; };
		8CBC20021D76A55100EB727C /* DataProcessUtil.h */ = {isa = PBXFileReference; fileEncoding = 4; lastKnownFileType = sourcecode.c.h; path = DataProcessUtil.h; sourceTree = "<group>"; };
		8CBC20031D76A55100EB727C /* DataProcessUtil.m */ = {isa = PBXFileReference; fileEncoding = 4; lastKnownFileType = sourcecode.c.objc; path = DataProcessUtil.m; sourceTree = "<group>"; };
		8CBC20041D76A55100EB727C /* PendingReadCharacteristicModel.h */ = {isa = PBXFileReference; fileEncoding = 4; lastKnownFileType = sourcecode.c.h; path = PendingReadCharacteristicModel.h; sourceTree = "<group>"; };
		8CBC20051D76A55100EB727C /* PendingReadCharacteristicModel.m */ = {isa = PBXFileReference; fileEncoding = 4; lastKnownFileType = sourcecode.c.objc; path = PendingReadCharacteristicModel.m; sourceTree = "<group>"; };
		8CBC200A1D76A58B00EB727C /* RACCodingDemo.h */ = {isa = PBXFileReference; fileEncoding = 4; lastKnownFileType = sourcecode.c.h; path = RACCodingDemo.h; sourceTree = "<group>"; };
		8CBC200B1D76A58B00EB727C /* RACCodingDemo.m */ = {isa = PBXFileReference; fileEncoding = 4; lastKnownFileType = sourcecode.c.objc; path = RACCodingDemo.m; sourceTree = "<group>"; };
		8CBC200C1D76A58B00EB727C /* RACFileManager.h */ = {isa = PBXFileReference; fileEncoding = 4; lastKnownFileType = sourcecode.c.h; path = RACFileManager.h; sourceTree = "<group>"; };
		8CBC200D1D76A58B00EB727C /* RACFileManager.m */ = {isa = PBXFileReference; fileEncoding = 4; lastKnownFileType = sourcecode.c.objc; path = RACFileManager.m; sourceTree = "<group>"; };
		8CBC200E1D76A58B00EB727C /* RACSQLiteDemo.h */ = {isa = PBXFileReference; fileEncoding = 4; lastKnownFileType = sourcecode.c.h; path = RACSQLiteDemo.h; sourceTree = "<group>"; };
		8CBC200F1D76A58B00EB727C /* RACSQLiteDemo.m */ = {isa = PBXFileReference; fileEncoding = 4; lastKnownFileType = sourcecode.c.objc; path = RACSQLiteDemo.m; sourceTree = "<group>"; };
		8CBC20101D76A58B00EB727C /* RLKUserDefault.h */ = {isa = PBXFileReference; fileEncoding = 4; lastKnownFileType = sourcecode.c.h; path = RLKUserDefault.h; sourceTree = "<group>"; };
		8CBC20111D76A58B00EB727C /* RLKUserDefault.m */ = {isa = PBXFileReference; fileEncoding = 4; lastKnownFileType = sourcecode.c.objc; path = RLKUserDefault.m; sourceTree = "<group>"; };
		8CBC20171D76A61300EB727C /* BTConnectionViewController.h */ = {isa = PBXFileReference; fileEncoding = 4; lastKnownFileType = sourcecode.c.h; name = BTConnectionViewController.h; path = SubViewControllers/BTConnection/BTConnectionViewController.h; sourceTree = "<group>"; };
		8CBC20181D76A61300EB727C /* BTConnectionViewController.m */ = {isa = PBXFileReference; fileEncoding = 4; lastKnownFileType = sourcecode.c.objc; name = BTConnectionViewController.m; path = SubViewControllers/BTConnection/BTConnectionViewController.m; sourceTree = "<group>"; };
		8CBC20191D76A61300EB727C /* BTConnectionViewController.xib */ = {isa = PBXFileReference; fileEncoding = 4; lastKnownFileType = file.xib; name = BTConnectionViewController.xib; path = SubViewControllers/BTConnection/BTConnectionViewController.xib; sourceTree = "<group>"; };
		8CD695311C8E7F9B009D016C /* UIImage+Realank.h */ = {isa = PBXFileReference; fileEncoding = 4; lastKnownFileType = sourcecode.c.h; path = "UIImage+Realank.h"; sourceTree = "<group>"; };
		8CD695321C8E7F9B009D016C /* UIImage+Realank.m */ = {isa = PBXFileReference; fileEncoding = 4; lastKnownFileType = sourcecode.c.objc; path = "UIImage+Realank.m"; sourceTree = "<group>"; };
		8CE9760A1C8E7E14000479DF /* NSString+Realank.h */ = {isa = PBXFileReference; fileEncoding = 4; lastKnownFileType = sourcecode.c.h; path = "NSString+Realank.h"; sourceTree = "<group>"; };
		8CE9760B1C8E7E14000479DF /* NSString+Realank.m */ = {isa = PBXFileReference; fileEncoding = 4; lastKnownFileType = sourcecode.c.objc; path = "NSString+Realank.m"; sourceTree = "<group>"; };
		8CE9760C1C8E7E14000479DF /* QBTimeTool.h */ = {isa = PBXFileReference; fileEncoding = 4; lastKnownFileType = sourcecode.c.h; path = QBTimeTool.h; sourceTree = "<group>"; };
		8CE9760D1C8E7E14000479DF /* QBTimeTool.m */ = {isa = PBXFileReference; fileEncoding = 4; lastKnownFileType = sourcecode.c.objc; path = QBTimeTool.m; sourceTree = "<group>"; };
		8CE9760E1C8E7E14000479DF /* UIView+Realank.h */ = {isa = PBXFileReference; fileEncoding = 4; lastKnownFileType = sourcecode.c.h; path = "UIView+Realank.h"; sourceTree = "<group>"; };
		8CE9760F1C8E7E14000479DF /* UIView+Realank.m */ = {isa = PBXFileReference; fileEncoding = 4; lastKnownFileType = sourcecode.c.objc; path = "UIView+Realank.m"; sourceTree = "<group>"; };
		8CE976131C8E7E9E000479DF /* NSDate+QB.h */ = {isa = PBXFileReference; fileEncoding = 4; lastKnownFileType = sourcecode.c.h; path = "NSDate+QB.h"; sourceTree = "<group>"; };
		8CE976141C8E7E9E000479DF /* NSDate+QB.m */ = {isa = PBXFileReference; fileEncoding = 4; lastKnownFileType = sourcecode.c.objc; path = "NSDate+QB.m"; sourceTree = "<group>"; };
/* End PBXFileReference section */

/* Begin PBXFrameworksBuildPhase section */
		8C51D4121C5B5FC100B8F3C6 /* Frameworks */ = {
			isa = PBXFrameworksBuildPhase;
			buildActionMask = 2147483647;
			files = (
				8CBC1FF51D76A00F00EB727C /* libsqlite3.tbd in Frameworks */,
				8C091F3C1C71CE580057F71C /* LocalAuthentication.framework in Frameworks */,
			);
			runOnlyForDeploymentPostprocessing = 0;
		};
		8C51D42B1C5B5FC100B8F3C6 /* Frameworks */ = {
			isa = PBXFrameworksBuildPhase;
			buildActionMask = 2147483647;
			files = (
			);
			runOnlyForDeploymentPostprocessing = 0;
		};
		8C51D4361C5B5FC100B8F3C6 /* Frameworks */ = {
			isa = PBXFrameworksBuildPhase;
			buildActionMask = 2147483647;
			files = (
			);
			runOnlyForDeploymentPostprocessing = 0;
		};
/* End PBXFrameworksBuildPhase section */

/* Begin PBXGroup section */
		8C091F351C71CDCB0057F71C /* TouchID */ = {
			isa = PBXGroup;
			children = (
				8C091F361C71CDED0057F71C /* TouchIDViewController.h */,
				8C091F371C71CDED0057F71C /* TouchIDViewController.m */,
				8C091F381C71CDED0057F71C /* TouchIDViewController.xib */,
				8C091F3D1C71CE800057F71C /* TouchIDTool.h */,
				8C091F3E1C71CE800057F71C /* TouchIDTool.m */,
			);
			name = TouchID;
			sourceTree = "<group>";
		};
		8C4E4DEC1C717BCC00A68576 /* Wandoujia */ = {
			isa = PBXGroup;
			children = (
				8C4E4DED1C717BF300A68576 /* WandoujiaViewController.h */,
				8C4E4DEE1C717BF300A68576 /* WandoujiaViewController.m */,
				8C4E4DEF1C717BF300A68576 /* WandoujiaViewController.xib */,
				8C4E4DF21C717C4D00A68576 /* SecondWDJViewController.h */,
				8C4E4DF31C717C4D00A68576 /* SecondWDJViewController.m */,
				8C4E4DF41C717C4D00A68576 /* SecondWDJViewController.xib */,
			);
			name = Wandoujia;
			sourceTree = "<group>";
		};
		8C51D40C1C5B5FC100B8F3C6 = {
			isa = PBXGroup;
			children = (
				8C51D4171C5B5FC100B8F3C6 /* RealankTools */,
				8C51D4311C5B5FC100B8F3C6 /* RealankToolsTests */,
				8C51D43C1C5B5FC100B8F3C6 /* RealankToolsUITests */,
				8C51D4161C5B5FC100B8F3C6 /* Products */,
			);
			sourceTree = "<group>";
		};
		8C51D4161C5B5FC100B8F3C6 /* Products */ = {
			isa = PBXGroup;
			children = (
				8C51D4151C5B5FC100B8F3C6 /* RealankTools.app */,
				8C51D42E1C5B5FC100B8F3C6 /* RealankToolsTests.xctest */,
				8C51D4391C5B5FC100B8F3C6 /* RealankToolsUITests.xctest */,
			);
			name = Products;
			sourceTree = "<group>";
		};
		8C51D4171C5B5FC100B8F3C6 /* RealankTools */ = {
			isa = PBXGroup;
			children = (
				8CE976091C8E7E14000479DF /* Utils */,
				8C51D41B1C5B5FC100B8F3C6 /* AppDelegate.h */,
				8C51D41C1C5B5FC100B8F3C6 /* AppDelegate.m */,
				8C51D44B1C5B607800B8F3C6 /* RootTableViewController.h */,
				8C51D44C1C5B607800B8F3C6 /* RootTableViewController.m */,
				8C51D44E1C5B62C600B8F3C6 /* SubViewControllers */,
				8C51D4211C5B5FC100B8F3C6 /* Main.storyboard */,
				8C51D4241C5B5FC100B8F3C6 /* Assets.xcassets */,
				8C51D4261C5B5FC100B8F3C6 /* LaunchScreen.storyboard */,
				8C51D4291C5B5FC100B8F3C6 /* Info.plist */,
				8C51D4181C5B5FC100B8F3C6 /* Supporting Files */,
			);
			path = RealankTools;
			sourceTree = "<group>";
		};
		8C51D4181C5B5FC100B8F3C6 /* Supporting Files */ = {
			isa = PBXGroup;
			children = (
				8CBC1FF41D76A00F00EB727C /* libsqlite3.tbd */,
				8C091F3B1C71CE580057F71C /* LocalAuthentication.framework */,
				8C51D4191C5B5FC100B8F3C6 /* main.m */,
			);
			name = "Supporting Files";
			sourceTree = "<group>";
		};
		8C51D4311C5B5FC100B8F3C6 /* RealankToolsTests */ = {
			isa = PBXGroup;
			children = (
				8C51D4321C5B5FC100B8F3C6 /* RealankToolsTests.m */,
				8C51D4341C5B5FC100B8F3C6 /* Info.plist */,
			);
			path = RealankToolsTests;
			sourceTree = "<group>";
		};
		8C51D43C1C5B5FC100B8F3C6 /* RealankToolsUITests */ = {
			isa = PBXGroup;
			children = (
				8C51D43D1C5B5FC100B8F3C6 /* RealankToolsUITests.m */,
				8C51D43F1C5B5FC100B8F3C6 /* Info.plist */,
			);
			path = RealankToolsUITests;
			sourceTree = "<group>";
		};
		8C51D44E1C5B62C600B8F3C6 /* SubViewControllers */ = {
			isa = PBXGroup;
			children = (
				8C51D4551C5B662B00B8F3C6 /* SysFont */,
				8C51D4541C5B631200B8F3C6 /* Chinese2Pinyin */,
				8C4E4DEC1C717BCC00A68576 /* Wandoujia */,
				8C091F351C71CDCB0057F71C /* TouchID */,
				8CADAD311C7305BB00337728 /* PolygonButton */,
				8CBC1FEE1D769F1900EB727C /* FileOperation */,
				8CBC20161D76A5ED00EB727C /* BTConnection */,
			);
			name = SubViewControllers;
			sourceTree = "<group>";
		};
		8C51D4541C5B631200B8F3C6 /* Chinese2Pinyin */ = {
			isa = PBXGroup;
			children = (
				8C51D44F1C5B630E00B8F3C6 /* Chinese2PinyinViewController.h */,
				8C51D4501C5B630E00B8F3C6 /* Chinese2PinyinViewController.m */,
				8C51D4511C5B630E00B8F3C6 /* Chinese2PinyinViewController.xib */,
			);
			name = Chinese2Pinyin;
			sourceTree = "<group>";
		};
		8C51D4551C5B662B00B8F3C6 /* SysFont */ = {
			isa = PBXGroup;
			children = (
				8C51D4561C5B665300B8F3C6 /* SysFontTableViewController.h */,
				8C51D4571C5B665300B8F3C6 /* SysFontTableViewController.m */,
				8C51D4581C5B665300B8F3C6 /* SysFontTableViewController.xib */,
			);
			name = SysFont;
			sourceTree = "<group>";
		};
		8CADAD311C7305BB00337728 /* PolygonButton */ = {
			isa = PBXGroup;
			children = (
				8CADAD3A1C73061F00337728 /* RLCShapeButton.h */,
				8CADAD3B1C73061F00337728 /* RLCShapeButton.m */,
				8CADAD321C7305EC00337728 /* PolygonButtonViewController.h */,
				8CADAD331C7305EC00337728 /* PolygonButtonViewController.m */,
				8CADAD341C7305EC00337728 /* PolygonButtonViewController.xib */,
			);
			name = PolygonButton;
			sourceTree = "<group>";
		};
		8CBC1FEE1D769F1900EB727C /* FileOperation */ = {
			isa = PBXGroup;
			children = (
				8CBC1FEF1D769F5D00EB727C /* FileOperationViewController.h */,
				8CBC1FF01D769F5D00EB727C /* FileOperationViewController.m */,
				8CBC1FF11D769F5D00EB727C /* FileOperationViewController.xib */,
			);
			name = FileOperation;
			sourceTree = "<group>";
		};
		8CBC1FFF1D76A55100EB727C /* BT */ = {
			isa = PBXGroup;
			children = (
				8CBC20001D76A55100EB727C /* BTLEConnectUtil.h */,
				8CBC20011D76A55100EB727C /* BTLEConnectUtil.m */,
				8CBC20021D76A55100EB727C /* DataProcessUtil.h */,
				8CBC20031D76A55100EB727C /* DataProcessUtil.m */,
				8CBC20041D76A55100EB727C /* PendingReadCharacteristicModel.h */,
				8CBC20051D76A55100EB727C /* PendingReadCharacteristicModel.m */,
			);
			path = BT;
			sourceTree = "<group>";
		};
		8CBC20091D76A58B00EB727C /* FileCache */ = {
			isa = PBXGroup;
			children = (
				8CBC200A1D76A58B00EB727C /* RACCodingDemo.h */,
				8CBC200B1D76A58B00EB727C /* RACCodingDemo.m */,
				8CBC200C1D76A58B00EB727C /* RACFileManager.h */,
				8CBC200D1D76A58B00EB727C /* RACFileManager.m */,
				8CBC200E1D76A58B00EB727C /* RACSQLiteDemo.h */,
				8CBC200F1D76A58B00EB727C /* RACSQLiteDemo.m */,
				8CBC20101D76A58B00EB727C /* RLKUserDefault.h */,
				8CBC20111D76A58B00EB727C /* RLKUserDefault.m */,
			);
			path = FileCache;
			sourceTree = "<group>";
		};
		8CBC20161D76A5ED00EB727C /* BTConnection */ = {
			isa = PBXGroup;
			children = (
				8CBC20171D76A61300EB727C /* BTConnectionViewController.h */,
				8CBC20181D76A61300EB727C /* BTConnectionViewController.m */,
				8CBC20191D76A61300EB727C /* BTConnectionViewController.xib */,
			);
			name = BTConnection;
			sourceTree = "<group>";
		};
		8CE976091C8E7E14000479DF /* Utils */ = {
			isa = PBXGroup;
			children = (
				8CE9760A1C8E7E14000479DF /* NSString+Realank.h */,
				8CE9760B1C8E7E14000479DF /* NSString+Realank.m */,
				8CE9760C1C8E7E14000479DF /* QBTimeTool.h */,
				8CE9760D1C8E7E14000479DF /* QBTimeTool.m */,
				8CE9760E1C8E7E14000479DF /* UIView+Realank.h */,
				8CE9760F1C8E7E14000479DF /* UIView+Realank.m */,
				8CE976131C8E7E9E000479DF /* NSDate+QB.h */,
				8CE976141C8E7E9E000479DF /* NSDate+QB.m */,
				8CD695311C8E7F9B009D016C /* UIImage+Realank.h */,
				8CD695321C8E7F9B009D016C /* UIImage+Realank.m */,
				8CBC1FFF1D76A55100EB727C /* BT */,
				8CBC20091D76A58B00EB727C /* FileCache */,
			);
			path = Utils;
			sourceTree = "<group>";
		};
/* End PBXGroup section */

/* Begin PBXNativeTarget section */
		8C51D4141C5B5FC100B8F3C6 /* RealankTools */ = {
			isa = PBXNativeTarget;
			buildConfigurationList = 8C51D4421C5B5FC100B8F3C6 /* Build configuration list for PBXNativeTarget "RealankTools" */;
			buildPhases = (
				8C51D4111C5B5FC100B8F3C6 /* Sources */,
				8C51D4121C5B5FC100B8F3C6 /* Frameworks */,
				8C51D4131C5B5FC100B8F3C6 /* Resources */,
			);
			buildRules = (
			);
			dependencies = (
			);
			name = RealankTools;
			productName = RealankTools;
			productReference = 8C51D4151C5B5FC100B8F3C6 /* RealankTools.app */;
			productType = "com.apple.product-type.application";
		};
		8C51D42D1C5B5FC100B8F3C6 /* RealankToolsTests */ = {
			isa = PBXNativeTarget;
			buildConfigurationList = 8C51D4451C5B5FC100B8F3C6 /* Build configuration list for PBXNativeTarget "RealankToolsTests" */;
			buildPhases = (
				8C51D42A1C5B5FC100B8F3C6 /* Sources */,
				8C51D42B1C5B5FC100B8F3C6 /* Frameworks */,
				8C51D42C1C5B5FC100B8F3C6 /* Resources */,
			);
			buildRules = (
			);
			dependencies = (
				8C51D4301C5B5FC100B8F3C6 /* PBXTargetDependency */,
			);
			name = RealankToolsTests;
			productName = RealankToolsTests;
			productReference = 8C51D42E1C5B5FC100B8F3C6 /* RealankToolsTests.xctest */;
			productType = "com.apple.product-type.bundle.unit-test";
		};
		8C51D4381C5B5FC100B8F3C6 /* RealankToolsUITests */ = {
			isa = PBXNativeTarget;
			buildConfigurationList = 8C51D4481C5B5FC100B8F3C6 /* Build configuration list for PBXNativeTarget "RealankToolsUITests" */;
			buildPhases = (
				8C51D4351C5B5FC100B8F3C6 /* Sources */,
				8C51D4361C5B5FC100B8F3C6 /* Frameworks */,
				8C51D4371C5B5FC100B8F3C6 /* Resources */,
			);
			buildRules = (
			);
			dependencies = (
				8C51D43B1C5B5FC100B8F3C6 /* PBXTargetDependency */,
			);
			name = RealankToolsUITests;
			productName = RealankToolsUITests;
			productReference = 8C51D4391C5B5FC100B8F3C6 /* RealankToolsUITests.xctest */;
			productType = "com.apple.product-type.bundle.ui-testing";
		};
/* End PBXNativeTarget section */

/* Begin PBXProject section */
		8C51D40D1C5B5FC100B8F3C6 /* Project object */ = {
			isa = PBXProject;
			attributes = {
				LastUpgradeCheck = 0720;
				ORGANIZATIONNAME = realank;
				TargetAttributes = {
					8C51D4141C5B5FC100B8F3C6 = {
						CreatedOnToolsVersion = 7.2;
					};
					8C51D42D1C5B5FC100B8F3C6 = {
						CreatedOnToolsVersion = 7.2;
						TestTargetID = 8C51D4141C5B5FC100B8F3C6;
					};
					8C51D4381C5B5FC100B8F3C6 = {
						CreatedOnToolsVersion = 7.2;
						TestTargetID = 8C51D4141C5B5FC100B8F3C6;
					};
				};
			};
			buildConfigurationList = 8C51D4101C5B5FC100B8F3C6 /* Build configuration list for PBXProject "RealankTools" */;
			compatibilityVersion = "Xcode 3.2";
			developmentRegion = English;
			hasScannedForEncodings = 0;
			knownRegions = (
				en,
				Base,
			);
			mainGroup = 8C51D40C1C5B5FC100B8F3C6;
			productRefGroup = 8C51D4161C5B5FC100B8F3C6 /* Products */;
			projectDirPath = "";
			projectRoot = "";
			targets = (
				8C51D4141C5B5FC100B8F3C6 /* RealankTools */,
				8C51D42D1C5B5FC100B8F3C6 /* RealankToolsTests */,
				8C51D4381C5B5FC100B8F3C6 /* RealankToolsUITests */,
			);
		};
/* End PBXProject section */

/* Begin PBXResourcesBuildPhase section */
		8C51D4131C5B5FC100B8F3C6 /* Resources */ = {
			isa = PBXResourcesBuildPhase;
			buildActionMask = 2147483647;
			files = (
				8C51D4531C5B630E00B8F3C6 /* Chinese2PinyinViewController.xib in Resources */,
				8CBC201B1D76A61300EB727C /* BTConnectionViewController.xib in Resources */,
				8C091F3A1C71CDED0057F71C /* TouchIDViewController.xib in Resources */,
				8C4E4DF11C717BF300A68576 /* WandoujiaViewController.xib in Resources */,
				8C51D4281C5B5FC100B8F3C6 /* LaunchScreen.storyboard in Resources */,
				8C51D4251C5B5FC100B8F3C6 /* Assets.xcassets in Resources */,
				8C51D4231C5B5FC100B8F3C6 /* Main.storyboard in Resources */,
				8C4E4DF61C717C4D00A68576 /* SecondWDJViewController.xib in Resources */,
				8C51D45A1C5B665300B8F3C6 /* SysFontTableViewController.xib in Resources */,
				8CBC1FF31D769F5D00EB727C /* FileOperationViewController.xib in Resources */,
				8CADAD361C7305EC00337728 /* PolygonButtonViewController.xib in Resources */,
			);
			runOnlyForDeploymentPostprocessing = 0;
		};
		8C51D42C1C5B5FC100B8F3C6 /* Resources */ = {
			isa = PBXResourcesBuildPhase;
			buildActionMask = 2147483647;
			files = (
			);
			runOnlyForDeploymentPostprocessing = 0;
		};
		8C51D4371C5B5FC100B8F3C6 /* Resources */ = {
			isa = PBXResourcesBuildPhase;
			buildActionMask = 2147483647;
			files = (
			);
			runOnlyForDeploymentPostprocessing = 0;
		};
/* End PBXResourcesBuildPhase section */

/* Begin PBXSourcesBuildPhase section */
		8C51D4111C5B5FC100B8F3C6 /* Sources */ = {
			isa = PBXSourcesBuildPhase;
			buildActionMask = 2147483647;
			files = (
				8C091F3F1C71CE800057F71C /* TouchIDTool.m in Sources */,
				8C51D4521C5B630E00B8F3C6 /* Chinese2PinyinViewController.m in Sources */,
				8CBC20141D76A58B00EB727C /* RACSQLiteDemo.m in Sources */,
				8CBC20121D76A58B00EB727C /* RACCodingDemo.m in Sources */,
				8C091F391C71CDED0057F71C /* TouchIDViewController.m in Sources */,
				8CBC20081D76A55100EB727C /* PendingReadCharacteristicModel.m in Sources */,
				8CADAD351C7305EC00337728 /* PolygonButtonViewController.m in Sources */,
				8CBC20131D76A58B00EB727C /* RACFileManager.m in Sources */,
				8CBC20071D76A55100EB727C /* DataProcessUtil.m in Sources */,
				8CE976151C8E7E9E000479DF /* NSDate+QB.m in Sources */,
				8CADAD3C1C73061F00337728 /* RLCShapeButton.m in Sources */,
				8CBC20061D76A55100EB727C /* BTLEConnectUtil.m in Sources */,
				8CD695331C8E7F9B009D016C /* UIImage+Realank.m in Sources */,
				8CE976121C8E7E14000479DF /* UIView+Realank.m in Sources */,
				8C51D4591C5B665300B8F3C6 /* SysFontTableViewController.m in Sources */,
				8CE976101C8E7E14000479DF /* NSString+Realank.m in Sources */,
				8CBC20151D76A58B00EB727C /* RLKUserDefault.m in Sources */,
				8CE976111C8E7E14000479DF /* QBTimeTool.m in Sources */,
				8CBC201A1D76A61300EB727C /* BTConnectionViewController.m in Sources */,
				8CBC1FF21D769F5D00EB727C /* FileOperationViewController.m in Sources */,
				8C51D44D1C5B607800B8F3C6 /* RootTableViewController.m in Sources */,
				8C4E4DF51C717C4D00A68576 /* SecondWDJViewController.m in Sources */,
				8C4E4DF01C717BF300A68576 /* WandoujiaViewController.m in Sources */,
				8C51D41D1C5B5FC100B8F3C6 /* AppDelegate.m in Sources */,
				8C51D41A1C5B5FC100B8F3C6 /* main.m in Sources */,
			);
			runOnlyForDeploymentPostprocessing = 0;
		};
		8C51D42A1C5B5FC100B8F3C6 /* Sources */ = {
			isa = PBXSourcesBuildPhase;
			buildActionMask = 2147483647;
			files = (
				8C51D4331C5B5FC100B8F3C6 /* RealankToolsTests.m in Sources */,
			);
			runOnlyForDeploymentPostprocessing = 0;
		};
		8C51D4351C5B5FC100B8F3C6 /* Sources */ = {
			isa = PBXSourcesBuildPhase;
			buildActionMask = 2147483647;
			files = (
				8C51D43E1C5B5FC100B8F3C6 /* RealankToolsUITests.m in Sources */,
			);
			runOnlyForDeploymentPostprocessing = 0;
		};
/* End PBXSourcesBuildPhase section */

/* Begin PBXTargetDependency section */
		8C51D4301C5B5FC100B8F3C6 /* PBXTargetDependency */ = {
			isa = PBXTargetDependency;
			target = 8C51D4141C5B5FC100B8F3C6 /* RealankTools */;
			targetProxy = 8C51D42F1C5B5FC100B8F3C6 /* PBXContainerItemProxy */;
		};
		8C51D43B1C5B5FC100B8F3C6 /* PBXTargetDependency */ = {
			isa = PBXTargetDependency;
			target = 8C51D4141C5B5FC100B8F3C6 /* RealankTools */;
			targetProxy = 8C51D43A1C5B5FC100B8F3C6 /* PBXContainerItemProxy */;
		};
/* End PBXTargetDependency section */

/* Begin PBXVariantGroup section */
		8C51D4211C5B5FC100B8F3C6 /* Main.storyboard */ = {
			isa = PBXVariantGroup;
			children = (
				8C51D4221C5B5FC100B8F3C6 /* Base */,
			);
			name = Main.storyboard;
			sourceTree = "<group>";
		};
		8C51D4261C5B5FC100B8F3C6 /* LaunchScreen.storyboard */ = {
			isa = PBXVariantGroup;
			children = (
				8C51D4271C5B5FC100B8F3C6 /* Base */,
			);
			name = LaunchScreen.storyboard;
			sourceTree = "<group>";
		};
/* End PBXVariantGroup section */

/* Begin XCBuildConfiguration section */
		8C51D4401C5B5FC100B8F3C6 /* Debug */ = {
			isa = XCBuildConfiguration;
			buildSettings = {
				ALWAYS_SEARCH_USER_PATHS = NO;
				CLANG_CXX_LANGUAGE_STANDARD = "gnu++0x";
				CLANG_CXX_LIBRARY = "libc++";
				CLANG_ENABLE_MODULES = YES;
				CLANG_ENABLE_OBJC_ARC = YES;
				CLANG_WARN_BOOL_CONVERSION = YES;
				CLANG_WARN_CONSTANT_CONVERSION = YES;
				CLANG_WARN_DIRECT_OBJC_ISA_USAGE = YES_ERROR;
				CLANG_WARN_EMPTY_BODY = YES;
				CLANG_WARN_ENUM_CONVERSION = YES;
				CLANG_WARN_INT_CONVERSION = YES;
				CLANG_WARN_OBJC_ROOT_CLASS = YES_ERROR;
				CLANG_WARN_UNREACHABLE_CODE = YES;
				CLANG_WARN__DUPLICATE_METHOD_MATCH = YES;
				"CODE_SIGN_IDENTITY[sdk=iphoneos*]" = "iPhone Developer";
				COPY_PHASE_STRIP = NO;
				DEBUG_INFORMATION_FORMAT = dwarf;
				ENABLE_STRICT_OBJC_MSGSEND = YES;
				ENABLE_TESTABILITY = YES;
				GCC_C_LANGUAGE_STANDARD = gnu99;
				GCC_DYNAMIC_NO_PIC = NO;
				GCC_NO_COMMON_BLOCKS = YES;
				GCC_OPTIMIZATION_LEVEL = 0;
				GCC_PREPROCESSOR_DEFINITIONS = (
					"DEBUG=1",
					"$(inherited)",
				);
				GCC_WARN_64_TO_32_BIT_CONVERSION = YES;
				GCC_WARN_ABOUT_RETURN_TYPE = YES_ERROR;
				GCC_WARN_UNDECLARED_SELECTOR = YES;
				GCC_WARN_UNINITIALIZED_AUTOS = YES_AGGRESSIVE;
				GCC_WARN_UNUSED_FUNCTION = YES;
				GCC_WARN_UNUSED_VARIABLE = YES;
				IPHONEOS_DEPLOYMENT_TARGET = 9.2;
				MTL_ENABLE_DEBUG_INFO = YES;
				ONLY_ACTIVE_ARCH = YES;
				SDKROOT = iphoneos;
			};
			name = Debug;
		};
		8C51D4411C5B5FC100B8F3C6 /* Release */ = {
			isa = XCBuildConfiguration;
			buildSettings = {
				ALWAYS_SEARCH_USER_PATHS = NO;
				CLANG_CXX_LANGUAGE_STANDARD = "gnu++0x";
				CLANG_CXX_LIBRARY = "libc++";
				CLANG_ENABLE_MODULES = YES;
				CLANG_ENABLE_OBJC_ARC = YES;
				CLANG_WARN_BOOL_CONVERSION = YES;
				CLANG_WARN_CONSTANT_CONVERSION = YES;
				CLANG_WARN_DIRECT_OBJC_ISA_USAGE = YES_ERROR;
				CLANG_WARN_EMPTY_BODY = YES;
				CLANG_WARN_ENUM_CONVERSION = YES;
				CLANG_WARN_INT_CONVERSION = YES;
				CLANG_WARN_OBJC_ROOT_CLASS = YES_ERROR;
				CLANG_WARN_UNREACHABLE_CODE = YES;
				CLANG_WARN__DUPLICATE_METHOD_MATCH = YES;
				"CODE_SIGN_IDENTITY[sdk=iphoneos*]" = "iPhone Developer";
				COPY_PHASE_STRIP = NO;
				DEBUG_INFORMATION_FORMAT = "dwarf-with-dsym";
				ENABLE_NS_ASSERTIONS = NO;
				ENABLE_STRICT_OBJC_MSGSEND = YES;
				GCC_C_LANGUAGE_STANDARD = gnu99;
				GCC_NO_COMMON_BLOCKS = YES;
				GCC_WARN_64_TO_32_BIT_CONVERSION = YES;
				GCC_WARN_ABOUT_RETURN_TYPE = YES_ERROR;
				GCC_WARN_UNDECLARED_SELECTOR = YES;
				GCC_WARN_UNINITIALIZED_AUTOS = YES_AGGRESSIVE;
				GCC_WARN_UNUSED_FUNCTION = YES;
				GCC_WARN_UNUSED_VARIABLE = YES;
				IPHONEOS_DEPLOYMENT_TARGET = 9.2;
				MTL_ENABLE_DEBUG_INFO = NO;
				SDKROOT = iphoneos;
				VALIDATE_PRODUCT = YES;
			};
			name = Release;
		};
		8C51D4431C5B5FC100B8F3C6 /* Debug */ = {
			isa = XCBuildConfiguration;
			buildSettings = {
				ASSETCATALOG_COMPILER_APPICON_NAME = AppIcon;
				INFOPLIST_FILE = RealankTools/Info.plist;
				LD_RUNPATH_SEARCH_PATHS = "$(inherited) @executable_path/Frameworks";
				PRODUCT_BUNDLE_IDENTIFIER = com.realank.RealankTools;
				PRODUCT_NAME = "$(TARGET_NAME)";
			};
			name = Debug;
		};
		8C51D4441C5B5FC100B8F3C6 /* Release */ = {
			isa = XCBuildConfiguration;
			buildSettings = {
				ASSETCATALOG_COMPILER_APPICON_NAME = AppIcon;
				INFOPLIST_FILE = RealankTools/Info.plist;
				LD_RUNPATH_SEARCH_PATHS = "$(inherited) @executable_path/Frameworks";
				PRODUCT_BUNDLE_IDENTIFIER = com.realank.RealankTools;
				PRODUCT_NAME = "$(TARGET_NAME)";
			};
			name = Release;
		};
		8C51D4461C5B5FC100B8F3C6 /* Debug */ = {
			isa = XCBuildConfiguration;
			buildSettings = {
				BUNDLE_LOADER = "$(TEST_HOST)";
				INFOPLIST_FILE = RealankToolsTests/Info.plist;
				LD_RUNPATH_SEARCH_PATHS = "$(inherited) @executable_path/Frameworks @loader_path/Frameworks";
				PRODUCT_BUNDLE_IDENTIFIER = com.realank.RealankToolsTests;
				PRODUCT_NAME = "$(TARGET_NAME)";
				TEST_HOST = "$(BUILT_PRODUCTS_DIR)/RealankTools.app/RealankTools";
			};
			name = Debug;
		};
		8C51D4471C5B5FC100B8F3C6 /* Release */ = {
			isa = XCBuildConfiguration;
			buildSettings = {
				BUNDLE_LOADER = "$(TEST_HOST)";
				INFOPLIST_FILE = RealankToolsTests/Info.plist;
				LD_RUNPATH_SEARCH_PATHS = "$(inherited) @executable_path/Frameworks @loader_path/Frameworks";
				PRODUCT_BUNDLE_IDENTIFIER = com.realank.RealankToolsTests;
				PRODUCT_NAME = "$(TARGET_NAME)";
				TEST_HOST = "$(BUILT_PRODUCTS_DIR)/RealankTools.app/RealankTools";
			};
			name = Release;
		};
		8C51D4491C5B5FC100B8F3C6 /* Debug */ = {
			isa = XCBuildConfiguration;
			buildSettings = {
				INFOPLIST_FILE = RealankToolsUITests/Info.plist;
				LD_RUNPATH_SEARCH_PATHS = "$(inherited) @executable_path/Frameworks @loader_path/Frameworks";
				PRODUCT_BUNDLE_IDENTIFIER = com.realank.RealankToolsUITests;
				PRODUCT_NAME = "$(TARGET_NAME)";
				TEST_TARGET_NAME = RealankTools;
				USES_XCTRUNNER = YES;
			};
			name = Debug;
		};
		8C51D44A1C5B5FC100B8F3C6 /* Release */ = {
			isa = XCBuildConfiguration;
			buildSettings = {
				INFOPLIST_FILE = RealankToolsUITests/Info.plist;
				LD_RUNPATH_SEARCH_PATHS = "$(inherited) @executable_path/Frameworks @loader_path/Frameworks";
				PRODUCT_BUNDLE_IDENTIFIER = com.realank.RealankToolsUITests;
				PRODUCT_NAME = "$(TARGET_NAME)";
				TEST_TARGET_NAME = RealankTools;
				USES_XCTRUNNER = YES;
			};
			name = Release;
		};
/* End XCBuildConfiguration section */

/* Begin XCConfigurationList section */
		8C51D4101C5B5FC100B8F3C6 /* Build configuration list for PBXProject "RealankTools" */ = {
			isa = XCConfigurationList;
			buildConfigurations = (
				8C51D4401C5B5FC100B8F3C6 /* Debug */,
				8C51D4411C5B5FC100B8F3C6 /* Release */,
			);
			defaultConfigurationIsVisible = 0;
			defaultConfigurationName = Release;
		};
		8C51D4421C5B5FC100B8F3C6 /* Build configuration list for PBXNativeTarget "RealankTools" */ = {
			isa = XCConfigurationList;
			buildConfigurations = (
				8C51D4431C5B5FC100B8F3C6 /* Debug */,
				8C51D4441C5B5FC100B8F3C6 /* Release */,
			);
			defaultConfigurationIsVisible = 0;
			defaultConfigurationName = Release;
		};
		8C51D4451C5B5FC100B8F3C6 /* Build configuration list for PBXNativeTarget "RealankToolsTests" */ = {
			isa = XCConfigurationList;
			buildConfigurations = (
				8C51D4461C5B5FC100B8F3C6 /* Debug */,
				8C51D4471C5B5FC100B8F3C6 /* Release */,
			);
			defaultConfigurationIsVisible = 0;
			defaultConfigurationName = Release;
		};
		8C51D4481C5B5FC100B8F3C6 /* Build configuration list for PBXNativeTarget "RealankToolsUITests" */ = {
			isa = XCConfigurationList;
			buildConfigurations = (
				8C51D4491C5B5FC100B8F3C6 /* Debug */,
				8C51D44A1C5B5FC100B8F3C6 /* Release */,
			);
			defaultConfigurationIsVisible = 0;
			defaultConfigurationName = Release;
		};
/* End XCConfigurationList section */
	};
	rootObject = 8C51D40D1C5B5FC100B8F3C6 /* Project object */;
}
